// !$*UTF8*$!
{
	archiveVersion = 1;
	classes = {
	};
	objectVersion = 46;
	objects = {

/* Begin PBXBuildFile section */
		E2356B1B1C9782EF00EBC89E /* AppDelegate.swift in Sources */ = {isa = PBXBuildFile; fileRef = E2356B1A1C9782EF00EBC89E /* AppDelegate.swift */; };
		E2356B1D1C9782EF00EBC89E /* ViewController.swift in Sources */ = {isa = PBXBuildFile; fileRef = E2356B1C1C9782EF00EBC89E /* ViewController.swift */; };
		E2356B201C9782EF00EBC89E /* Main.storyboard in Resources */ = {isa = PBXBuildFile; fileRef = E2356B1E1C9782EF00EBC89E /* Main.storyboard */; };
		E2356B221C9782EF00EBC89E /* Assets.xcassets in Resources */ = {isa = PBXBuildFile; fileRef = E2356B211C9782EF00EBC89E /* Assets.xcassets */; };
		E2356B251C9782EF00EBC89E /* LaunchScreen.storyboard in Resources */ = {isa = PBXBuildFile; fileRef = E2356B231C9782EF00EBC89E /* LaunchScreen.storyboard */; };
/* End PBXBuildFile section */

/* Begin PBXFileReference section */
		E2356B171C9782EF00EBC89E /* Segues.app */ = {isa = PBXFileReference; explicitFileType = wrapper.application; includeInIndex = 0; path = Segues.app; sourceTree = BUILT_PRODUCTS_DIR; };
		E2356B1A1C9782EF00EBC89E /* AppDelegate.swift */ = {isa = PBXFileReference; lastKnownFileType = sourcecode.swift; path = AppDelegate.swift; sourceTree = "<group>"; };
		E2356B1C1C9782EF00EBC89E /* ViewController.swift */ = {isa = PBXFileReference; lastKnownFileType = sourcecode.swift; path = ViewController.swift; sourceTree = "<group>"; };
		E2356B1F1C9782EF00EBC89E /* Base */ = {isa = PBXFileReference; lastKnownFileType = file.storyboard; name = Base; path = Base.lproj/Main.storyboard; sourceTree = "<group>"; };
		E2356B211C9782EF00EBC89E /* Assets.xcassets */ = {isa = PBXFileReference; lastKnownFileType = folder.assetcatalog; path = Assets.xcassets; sourceTree = "<group>"; };
		E2356B241C9782EF00EBC89E /* Base */ = {isa = PBXFileReference; lastKnownFileType = file.storyboard; name = Base; path = Base.lproj/LaunchScreen.storyboard; sourceTree = "<group>"; };
		E2356B261C9782EF00EBC89E /* Info.plist */ = {isa = PBXFileReference; lastKnownFileType = text.plist.xml; path = Info.plist; sourceTree = "<group>"; };
/* End PBXFileReference section */

/* Begin PBXFrameworksBuildPhase section */
		E2356B141C9782EF00EBC89E /* Frameworks */ = {
			isa = PBXFrameworksBuildPhase;
			buildActionMask = 2147483647;
			files = (
			);
			runOnlyForDeploymentPostprocessing = 0;
		};
/* End PBXFrameworksBuildPhase section */

/* Begin PBXGroup section */
		E2356B0E1C9782EF00EBC89E = {
			isa = PBXGroup;
			children = (
				E2356B191C9782EF00EBC89E /* Segues */,
				E2356B181C9782EF00EBC89E /* Products */,
			);
			sourceTree = "<group>";
		};
		E2356B181C9782EF00EBC89E /* Products */ = {
			isa = PBXGroup;
			children = (
				E2356B171C9782EF00EBC89E /* Segues.app */,
			);
			name = Products;
			sourceTree = "<group>";
		};
		E2356B191C9782EF00EBC89E /* Segues */ = {
			isa = PBXGroup;
			children = (
				E2356B1A1C9782EF00EBC89E /* AppDelegate.swift */,
				E2356B1C1C9782EF00EBC89E /* ViewController.swift */,
				E2356B1E1C9782EF00EBC89E /* Main.storyboard */,
				E2356B211C9782EF00EBC89E /* Assets.xcassets */,
				E2356B231C9782EF00EBC89E /* LaunchScreen.storyboard */,
				E2356B261C9782EF00EBC89E /* Info.plist */,
			);
			path = Segues;
			sourceTree = "<group>";
		};
/* End PBXGroup section */

/* Begin PBXNativeTarget section */
		E2356B161C9782EF00EBC89E /* Segues */ = {
			isa = PBXNativeTarget;
			buildConfigurationList = E2356B291C9782EF00EBC89E /* Build configuration list for PBXNativeTarget "Segues" */;
			buildPhases = (
				E2356B131C9782EF00EBC89E /* Sources */,
				E2356B141C9782EF00EBC89E /* Frameworks */,
				E2356B151C9782EF00EBC89E /* Resources */,
			);
			buildRules = (
			);
			dependencies = (
			);
			name = Segues;
			productName = Segues;
			productReference = E2356B171C9782EF00EBC89E /* Segues.app */;
			productType = "com.apple.product-type.application";
		};
/* End PBXNativeTarget section */

/* Begin PBXProject section */
		E2356B0F1C9782EF00EBC89E /* Project object */ = {
			isa = PBXProject;
			attributes = {
				LastSwiftUpdateCheck = 0720;
				LastUpgradeCheck = 0720;
				ORGANIZATIONNAME = conradomateu;
				TargetAttributes = {
					E2356B161C9782EF00EBC89E = {
						CreatedOnToolsVersion = 7.2.1;
						DevelopmentTeam = P8T6WXDA9T;
					};
				};
			};
			buildConfigurationList = E2356B121C9782EF00EBC89E /* Build configuration list for PBXProject "Segues" */;
			compatibilityVersion = "Xcode 3.2";
			developmentRegion = English;
			hasScannedForEncodings = 0;
			knownRegions = (
				en,
				Base,
			);
			mainGroup = E2356B0E1C9782EF00EBC89E;
			productRefGroup = E2356B181C9782EF00EBC89E /* Products */;
			projectDirPath = "";
			projectRoot = "";
			targets = (
				E2356B161C9782EF00EBC89E /* Segues */,
			);
		};
/* End PBXProject section */

/* Begin PBXResourcesBuildPhase section */
		E2356B151C9782EF00EBC89E /* Resources */ = {
			isa = PBXResourcesBuildPhase;
			buildActionMask = 2147483647;
			files = (
				E2356B251C9782EF00EBC89E /* LaunchScreen.storyboard in Resources */,
				E2356B221C9782EF00EBC89E /* Assets.xcassets in Resources */,
				E2356B201C9782EF00EBC89E /* Main.storyboard in Resources */,
			);
			runOnlyForDeploymentPostprocessing = 0;
		};
/* End PBXResourcesBuildPhase section */

/* Begin PBXSourcesBuildPhase section */
		E2356B131C9782EF00EBC89E /* Sources */ = {
			isa = PBXSourcesBuildPhase;
			buildActionMask = 2147483647;
			files = (
				E2356B1D1C9782EF00EBC89E /* ViewController.swift in Sources */,
				E2356B1B1C9782EF00EBC89E /* AppDelegate.swift in Sources */,
			);
			runOnlyForDeploymentPostprocessing = 0;
		};
/* End PBXSourcesBuildPhase section */

/* Begin PBXVariantGroup section */
		E2356B1E1C9782EF00EBC89E /* Main.storyboard */ = {
			isa = PBXVariantGroup;
			children = (
				E2356B1F1C9782EF00EBC89E /* Base */,
			);
			name = Main.storyboard;
			sourceTree = "<group>";
		};
		E2356B231C9782EF00EBC89E /* LaunchScreen.storyboard */ = {
			isa = PBXVariantGroup;
			children = (
				E2356B241C9782EF00EBC89E /* Base */,
			);
			name = LaunchScreen.storyboard;
			sourceTree = "<group>";
		};
/* End PBXVariantGroup section */

/* Begin XCBuildConfiguration section */
		E2356B271C9782EF00EBC89E /* Debug */ = {
			isa = XCBuildConfiguration;
			buildSettings = {
				ALWAYS_SEARCH_USER_PATHS = NO;
				CLANG_CXX_LANGUAGE_STANDARD = "gnu++0x";
				CLANG_CXX_LIBRARY = "libc++";
				CLANG_ENABLE_MODULES = YES;
				CLANG_ENABLE_OBJC_ARC = YES;
				CLANG_WARN_BOOL_CONVERSION = YES;
				CLANG_WARN_CONSTANT_CONVERSION = YES;
				CLANG_WARN_DIRECT_OBJC_ISA_USAGE = YES_ERROR;
				CLANG_WARN_EMPTY_BODY = YES;
				CLANG_WARN_ENUM_CONVERSION = YES;
				CLANG_WARN_INT_CONVERSION = YES;
				CLANG_WARN_OBJC_ROOT_CLASS = YES_ERROR;
				CLANG_WARN_UNREACHABLE_CODE = YES;
				CLANG_WARN__DUPLICATE_METHOD_MATCH = YES;
				"CODE_SIGN_IDENTITY[sdk=iphoneos*]" = "iPhone Developer";
				COPY_PHASE_STRIP = NO;
				DEBUG_INFORMATION_FORMAT = dwarf;
				ENABLE_STRICT_OBJC_MSGSEND = YES;
				ENABLE_TESTABILITY = YES;
				GCC_C_LANGUAGE_STANDARD = gnu99;
				GCC_DYNAMIC_NO_PIC = NO;
				GCC_NO_COMMON_BLOCKS = YES;
				GCC_OPTIMIZATION_LEVEL = 0;
				GCC_PREPROCESSOR_DEFINITIONS = (
					"DEBUG=1",
					"$(inherited)",
				);
				GCC_WARN_64_TO_32_BIT_CONVERSION = YES;
				GCC_WARN_ABOUT_RETURN_TYPE = YES_ERROR;
				GCC_WARN_UNDECLARED_SELECTOR = YES;
				GCC_WARN_UNINITIALIZED_AUTOS = YES_AGGRESSIVE;
				GCC_WARN_UNUSED_FUNCTION = YES;
				GCC_WARN_UNUSED_VARIABLE = YES;
				IPHONEOS_DEPLOYMENT_TARGET = 9.2;
				MTL_ENABLE_DEBUG_INFO = YES;
				ONLY_ACTIVE_ARCH = YES;
				SDKROOT = iphoneos;
				SWIFT_OPTIMIZATION_LEVEL = "-Onone";
			};
			name = Debug;
		};
		E2356B281C9782EF00EBC89E /* Release */ = {
			isa = XCBuildConfiguration;
			buildSettings = {
				ALWAYS_SEARCH_USER_PATHS = NO;
				CLANG_CXX_LANGUAGE_STANDARD = "gnu++0x";
				CLANG_CXX_LIBRARY = "libc++";
				CLANG_ENABLE_MODULES = YES;
				CLANG_ENABLE_OBJC_ARC = YES;
				CLANG_WARN_BOOL_CONVERSION = YES;
				CLANG_WARN_CONSTANT_CONVERSION = YES;
				CLANG_WARN_DIRECT_OBJC_ISA_USAGE = YES_ERROR;
				CLANG_WARN_EMPTY_BODY = YES;
				CLANG_WARN_ENUM_CONVERSION = YES;
				CLANG_WARN_INT_CONVERSION = YES;
				CLANG_WARN_OBJC_ROOT_CLASS = YES_ERROR;
				CLANG_WARN_UNREACHABLE_CODE = YES;
				CLANG_WARN__DUPLICATE_METHOD_MATCH = YES;
				"CODE_SIGN_IDENTITY[sdk=iphoneos*]" = "iPhone Developer";
				COPY_PHASE_STRIP = NO;
				DEBUG_INFORMATION_FORMAT = "dwarf-with-dsym";
				ENABLE_NS_ASSERTIONS = NO;
				ENABLE_STRICT_OBJC_MSGSEND = YES;
				GCC_C_LANGUAGE_STANDARD = gnu99;
				GCC_NO_COMMON_BLOCKS = YES;
				GCC_WARN_64_TO_32_BIT_CONVERSION = YES;
				GCC_WARN_ABOUT_RETURN_TYPE = YES_ERROR;
				GCC_WARN_UNDECLARED_SELECTOR = YES;
				GCC_WARN_UNINITIALIZED_AUTOS = YES_AGGRESSIVE;
				GCC_WARN_UNUSED_FUNCTION = YES;
				GCC_WARN_UNUSED_VARIABLE = YES;
				IPHONEOS_DEPLOYMENT_TARGET = 9.2;
				MTL_ENABLE_DEBUG_INFO = NO;
				SDKROOT = iphoneos;
				VALIDATE_PRODUCT = YES;
			};
			name = Release;
		};
		E2356B2A1C9782EF00EBC89E /* Debug */ = {
			isa = XCBuildConfiguration;
			buildSettings = {
				ASSETCATALOG_COMPILER_APPICON_NAME = AppIcon;
				INFOPLIST_FILE = Segues/Info.plist;
				LD_RUNPATH_SEARCH_PATHS = "$(inherited) @executable_path/Frameworks";
				PRODUCT_BUNDLE_IDENTIFIER = com.conradomateu.Segues;
				PRODUCT_NAME = "$(TARGET_NAME)";
			};
			name = Debug;
		};
		E2356B2B1C9782EF00EBC89E /* Release */ = {
			isa = XCBuildConfiguration;
			buildSettings = {
				ASSETCATALOG_COMPILER_APPICON_NAME = AppIcon;
				INFOPLIST_FILE = Segues/Info.plist;
				LD_RUNPATH_SEARCH_PATHS = "$(inherited) @executable_path/Frameworks";
				PRODUCT_BUNDLE_IDENTIFIER = com.conradomateu.Segues;
				PRODUCT_NAME = "$(TARGET_NAME)";
			};
			name = Release;
		};
/* End XCBuildConfiguration section */

/* Begin XCConfigurationList section */
		E2356B121C9782EF00EBC89E /* Build configuration list for PBXProject "Segues" */ = {
			isa = XCConfigurationList;
			buildConfigurations = (
				E2356B271C9782EF00EBC89E /* Debug */,
				E2356B281C9782EF00EBC89E /* Release */,
			);
			defaultConfigurationIsVisible = 0;
			defaultConfigurationName = Release;
		};
		E2356B291C9782EF00EBC89E /* Build configuration list for PBXNativeTarget "Segues" */ = {
			isa = XCConfigurationList;
			buildConfigurations = (
				E2356B2A1C9782EF00EBC89E /* Debug */,
				E2356B2B1C9782EF00EBC89E /* Release */,
			);
			defaultConfigurationIsVisible = 0;
		};
/* End XCConfigurationList section */
	};
	rootObject = E2356B0F1C9782EF00EBC89E /* Project object */;
}
