// !$*UTF8*$!
{
	archiveVersion = 1;
	classes = {
	};
	objectVersion = 46;
	objects = {

/* Begin PBXBuildFile section */
		E28362711C862D70005B8C6D /* AppDelegate.swift in Sources */ = {isa = PBXBuildFile; fileRef = E28362701C862D70005B8C6D /* AppDelegate.swift */; };
		E28362731C862D70005B8C6D /* ViewController.swift in Sources */ = {isa = PBXBuildFile; fileRef = E28362721C862D70005B8C6D /* ViewController.swift */; };
		E28362761C862D70005B8C6D /* Main.storyboard in Resources */ = {isa = PBXBuildFile; fileRef = E28362741C862D70005B8C6D /* Main.storyboard */; };
		E28362781C862D70005B8C6D /* Assets.xcassets in Resources */ = {isa = PBXBuildFile; fileRef = E28362771C862D70005B8C6D /* Assets.xcassets */; };
		E283627B1C862D70005B8C6D /* LaunchScreen.storyboard in Resources */ = {isa = PBXBuildFile; fileRef = E28362791C862D70005B8C6D /* LaunchScreen.storyboard */; };
		E28362831C862ED3005B8C6D /* DramaticQuestionMark.png in Resources */ = {isa = PBXBuildFile; fileRef = E28362821C862ED3005B8C6D /* DramaticQuestionMark.png */; };
/* End PBXBuildFile section */

/* Begin PBXFileReference section */
		E283626D1C862D70005B8C6D /* Guessing Game.app */ = {isa = PBXFileReference; explicitFileType = wrapper.application; includeInIndex = 0; path = "Guessing Game.app"; sourceTree = BUILT_PRODUCTS_DIR; };
		E28362701C862D70005B8C6D /* AppDelegate.swift */ = {isa = PBXFileReference; lastKnownFileType = sourcecode.swift; path = AppDelegate.swift; sourceTree = "<group>"; };
		E28362721C862D70005B8C6D /* ViewController.swift */ = {isa = PBXFileReference; lastKnownFileType = sourcecode.swift; path = ViewController.swift; sourceTree = "<group>"; };
		E28362751C862D70005B8C6D /* Base */ = {isa = PBXFileReference; lastKnownFileType = file.storyboard; name = Base; path = Base.lproj/Main.storyboard; sourceTree = "<group>"; };
		E28362771C862D70005B8C6D /* Assets.xcassets */ = {isa = PBXFileReference; lastKnownFileType = folder.assetcatalog; path = Assets.xcassets; sourceTree = "<group>"; };
		E283627A1C862D70005B8C6D /* Base */ = {isa = PBXFileReference; lastKnownFileType = file.storyboard; name = Base; path = Base.lproj/LaunchScreen.storyboard; sourceTree = "<group>"; };
		E283627C1C862D70005B8C6D /* Info.plist */ = {isa = PBXFileReference; lastKnownFileType = text.plist.xml; path = Info.plist; sourceTree = "<group>"; };
		E28362821C862ED3005B8C6D /* DramaticQuestionMark.png */ = {isa = PBXFileReference; lastKnownFileType = image.png; path = DramaticQuestionMark.png; sourceTree = "<group>"; };
/* End PBXFileReference section */

/* Begin PBXFrameworksBuildPhase section */
		E283626A1C862D70005B8C6D /* Frameworks */ = {
			isa = PBXFrameworksBuildPhase;
			buildActionMask = 2147483647;
			files = (
			);
			runOnlyForDeploymentPostprocessing = 0;
		};
/* End PBXFrameworksBuildPhase section */

/* Begin PBXGroup section */
		E28362641C862D70005B8C6D = {
			isa = PBXGroup;
			children = (
				E283626F1C862D70005B8C6D /* Guessing Game */,
				E283626E1C862D70005B8C6D /* Products */,
			);
			sourceTree = "<group>";
		};
		E283626E1C862D70005B8C6D /* Products */ = {
			isa = PBXGroup;
			children = (
				E283626D1C862D70005B8C6D /* Guessing Game.app */,
			);
			name = Products;
			sourceTree = "<group>";
		};
		E283626F1C862D70005B8C6D /* Guessing Game */ = {
			isa = PBXGroup;
			children = (
				E28362701C862D70005B8C6D /* AppDelegate.swift */,
				E28362821C862ED3005B8C6D /* DramaticQuestionMark.png */,
				E28362721C862D70005B8C6D /* ViewController.swift */,
				E28362741C862D70005B8C6D /* Main.storyboard */,
				E28362771C862D70005B8C6D /* Assets.xcassets */,
				E28362791C862D70005B8C6D /* LaunchScreen.storyboard */,
				E283627C1C862D70005B8C6D /* Info.plist */,
			);
			path = "Guessing Game";
			sourceTree = "<group>";
		};
/* End PBXGroup section */

/* Begin PBXNativeTarget section */
		E283626C1C862D70005B8C6D /* Guessing Game */ = {
			isa = PBXNativeTarget;
			buildConfigurationList = E283627F1C862D70005B8C6D /* Build configuration list for PBXNativeTarget "Guessing Game" */;
			buildPhases = (
				E28362691C862D70005B8C6D /* Sources */,
				E283626A1C862D70005B8C6D /* Frameworks */,
				E283626B1C862D70005B8C6D /* Resources */,
			);
			buildRules = (
			);
			dependencies = (
			);
			name = "Guessing Game";
			productName = "Guessing Game";
			productReference = E283626D1C862D70005B8C6D /* Guessing Game.app */;
			productType = "com.apple.product-type.application";
		};
/* End PBXNativeTarget section */

/* Begin PBXProject section */
		E28362651C862D70005B8C6D /* Project object */ = {
			isa = PBXProject;
			attributes = {
				LastSwiftUpdateCheck = 0720;
				LastUpgradeCheck = 0720;
				ORGANIZATIONNAME = conradomateu;
				TargetAttributes = {
					E283626C1C862D70005B8C6D = {
						CreatedOnToolsVersion = 7.2.1;
						DevelopmentTeam = P8T6WXDA9T;
					};
				};
			};
			buildConfigurationList = E28362681C862D70005B8C6D /* Build configuration list for PBXProject "Guessing Game" */;
			compatibilityVersion = "Xcode 3.2";
			developmentRegion = English;
			hasScannedForEncodings = 0;
			knownRegions = (
				en,
				Base,
			);
			mainGroup = E28362641C862D70005B8C6D;
			productRefGroup = E283626E1C862D70005B8C6D /* Products */;
			projectDirPath = "";
			projectRoot = "";
			targets = (
				E283626C1C862D70005B8C6D /* Guessing Game */,
			);
		};
/* End PBXProject section */

/* Begin PBXResourcesBuildPhase section */
		E283626B1C862D70005B8C6D /* Resources */ = {
			isa = PBXResourcesBuildPhase;
			buildActionMask = 2147483647;
			files = (
				E283627B1C862D70005B8C6D /* LaunchScreen.storyboard in Resources */,
				E28362781C862D70005B8C6D /* Assets.xcassets in Resources */,
				E28362761C862D70005B8C6D /* Main.storyboard in Resources */,
				E28362831C862ED3005B8C6D /* DramaticQuestionMark.png in Resources */,
			);
			runOnlyForDeploymentPostprocessing = 0;
		};
/* End PBXResourcesBuildPhase section */

/* Begin PBXSourcesBuildPhase section */
		E28362691C862D70005B8C6D /* Sources */ = {
			isa = PBXSourcesBuildPhase;
			buildActionMask = 2147483647;
			files = (
				E28362731C862D70005B8C6D /* ViewController.swift in Sources */,
				E28362711C862D70005B8C6D /* AppDelegate.swift in Sources */,
			);
			runOnlyForDeploymentPostprocessing = 0;
		};
/* End PBXSourcesBuildPhase section */

/* Begin PBXVariantGroup section */
		E28362741C862D70005B8C6D /* Main.storyboard */ = {
			isa = PBXVariantGroup;
			children = (
				E28362751C862D70005B8C6D /* Base */,
			);
			name = Main.storyboard;
			sourceTree = "<group>";
		};
		E28362791C862D70005B8C6D /* LaunchScreen.storyboard */ = {
			isa = PBXVariantGroup;
			children = (
				E283627A1C862D70005B8C6D /* Base */,
			);
			name = LaunchScreen.storyboard;
			sourceTree = "<group>";
		};
/* End PBXVariantGroup section */

/* Begin XCBuildConfiguration section */
		E283627D1C862D70005B8C6D /* Debug */ = {
			isa = XCBuildConfiguration;
			buildSettings = {
				ALWAYS_SEARCH_USER_PATHS = NO;
				CLANG_CXX_LANGUAGE_STANDARD = "gnu++0x";
				CLANG_CXX_LIBRARY = "libc++";
				CLANG_ENABLE_MODULES = YES;
				CLANG_ENABLE_OBJC_ARC = YES;
				CLANG_WARN_BOOL_CONVERSION = YES;
				CLANG_WARN_CONSTANT_CONVERSION = YES;
				CLANG_WARN_DIRECT_OBJC_ISA_USAGE = YES_ERROR;
				CLANG_WARN_EMPTY_BODY = YES;
				CLANG_WARN_ENUM_CONVERSION = YES;
				CLANG_WARN_INT_CONVERSION = YES;
				CLANG_WARN_OBJC_ROOT_CLASS = YES_ERROR;
				CLANG_WARN_UNREACHABLE_CODE = YES;
				CLANG_WARN__DUPLICATE_METHOD_MATCH = YES;
				"CODE_SIGN_IDENTITY[sdk=iphoneos*]" = "iPhone Developer";
				COPY_PHASE_STRIP = NO;
				DEBUG_INFORMATION_FORMAT = dwarf;
				ENABLE_STRICT_OBJC_MSGSEND = YES;
				ENABLE_TESTABILITY = YES;
				GCC_C_LANGUAGE_STANDARD = gnu99;
				GCC_DYNAMIC_NO_PIC = NO;
				GCC_NO_COMMON_BLOCKS = YES;
				GCC_OPTIMIZATION_LEVEL = 0;
				GCC_PREPROCESSOR_DEFINITIONS = (
					"DEBUG=1",
					"$(inherited)",
				);
				GCC_WARN_64_TO_32_BIT_CONVERSION = YES;
				GCC_WARN_ABOUT_RETURN_TYPE = YES_ERROR;
				GCC_WARN_UNDECLARED_SELECTOR = YES;
				GCC_WARN_UNINITIALIZED_AUTOS = YES_AGGRESSIVE;
				GCC_WARN_UNUSED_FUNCTION = YES;
				GCC_WARN_UNUSED_VARIABLE = YES;
				IPHONEOS_DEPLOYMENT_TARGET = 9.2;
				MTL_ENABLE_DEBUG_INFO = YES;
				ONLY_ACTIVE_ARCH = YES;
				SDKROOT = iphoneos;
				SWIFT_OPTIMIZATION_LEVEL = "-Onone";
			};
			name = Debug;
		};
		E283627E1C862D70005B8C6D /* Release */ = {
			isa = XCBuildConfiguration;
			buildSettings = {
				ALWAYS_SEARCH_USER_PATHS = NO;
				CLANG_CXX_LANGUAGE_STANDARD = "gnu++0x";
				CLANG_CXX_LIBRARY = "libc++";
				CLANG_ENABLE_MODULES = YES;
				CLANG_ENABLE_OBJC_ARC = YES;
				CLANG_WARN_BOOL_CONVERSION = YES;
				CLANG_WARN_CONSTANT_CONVERSION = YES;
				CLANG_WARN_DIRECT_OBJC_ISA_USAGE = YES_ERROR;
				CLANG_WARN_EMPTY_BODY = YES;
				CLANG_WARN_ENUM_CONVERSION = YES;
				CLANG_WARN_INT_CONVERSION = YES;
				CLANG_WARN_OBJC_ROOT_CLASS = YES_ERROR;
				CLANG_WARN_UNREACHABLE_CODE = YES;
				CLANG_WARN__DUPLICATE_METHOD_MATCH = YES;
				"CODE_SIGN_IDENTITY[sdk=iphoneos*]" = "iPhone Developer";
				COPY_PHASE_STRIP = NO;
				DEBUG_INFORMATION_FORMAT = "dwarf-with-dsym";
				ENABLE_NS_ASSERTIONS = NO;
				ENABLE_STRICT_OBJC_MSGSEND = YES;
				GCC_C_LANGUAGE_STANDARD = gnu99;
				GCC_NO_COMMON_BLOCKS = YES;
				GCC_WARN_64_TO_32_BIT_CONVERSION = YES;
				GCC_WARN_ABOUT_RETURN_TYPE = YES_ERROR;
				GCC_WARN_UNDECLARED_SELECTOR = YES;
				GCC_WARN_UNINITIALIZED_AUTOS = YES_AGGRESSIVE;
				GCC_WARN_UNUSED_FUNCTION = YES;
				GCC_WARN_UNUSED_VARIABLE = YES;
				IPHONEOS_DEPLOYMENT_TARGET = 9.2;
				MTL_ENABLE_DEBUG_INFO = NO;
				SDKROOT = iphoneos;
				VALIDATE_PRODUCT = YES;
			};
			name = Release;
		};
		E28362801C862D70005B8C6D /* Debug */ = {
			isa = XCBuildConfiguration;
			buildSettings = {
				ASSETCATALOG_COMPILER_APPICON_NAME = AppIcon;
				INFOPLIST_FILE = "Guessing Game/Info.plist";
				LD_RUNPATH_SEARCH_PATHS = "$(inherited) @executable_path/Frameworks";
				PRODUCT_BUNDLE_IDENTIFIER = "com.conradomateu.Guessing-Game";
				PRODUCT_NAME = "$(TARGET_NAME)";
			};
			name = Debug;
		};
		E28362811C862D70005B8C6D /* Release */ = {
			isa = XCBuildConfiguration;
			buildSettings = {
				ASSETCATALOG_COMPILER_APPICON_NAME = AppIcon;
				INFOPLIST_FILE = "Guessing Game/Info.plist";
				LD_RUNPATH_SEARCH_PATHS = "$(inherited) @executable_path/Frameworks";
				PRODUCT_BUNDLE_IDENTIFIER = "com.conradomateu.Guessing-Game";
				PRODUCT_NAME = "$(TARGET_NAME)";
			};
			name = Release;
		};
/* End XCBuildConfiguration section */

/* Begin XCConfigurationList section */
		E28362681C862D70005B8C6D /* Build configuration list for PBXProject "Guessing Game" */ = {
			isa = XCConfigurationList;
			buildConfigurations = (
				E283627D1C862D70005B8C6D /* Debug */,
				E283627E1C862D70005B8C6D /* Release */,
			);
			defaultConfigurationIsVisible = 0;
			defaultConfigurationName = Release;
		};
		E283627F1C862D70005B8C6D /* Build configuration list for PBXNativeTarget "Guessing Game" */ = {
			isa = XCConfigurationList;
			buildConfigurations = (
				E28362801C862D70005B8C6D /* Debug */,
				E28362811C862D70005B8C6D /* Release */,
			);
			defaultConfigurationIsVisible = 0;
		};
/* End XCConfigurationList section */
	};
	rootObject = E28362651C862D70005B8C6D /* Project object */;
}
