// !$*UTF8*$!
{
	archiveVersion = 1;
	classes = {
	};
	objectVersion = 46;
	objects = {

/* Begin PBXBuildFile section */
		E23F16451CA2F587003DA660 /* AppDelegate.swift in Sources */ = {isa = PBXBuildFile; fileRef = E23F16441CA2F587003DA660 /* AppDelegate.swift */; };
		E23F16471CA2F587003DA660 /* ViewController.swift in Sources */ = {isa = PBXBuildFile; fileRef = E23F16461CA2F587003DA660 /* ViewController.swift */; };
		E23F164A1CA2F587003DA660 /* Main.storyboard in Resources */ = {isa = PBXBuildFile; fileRef = E23F16481CA2F587003DA660 /* Main.storyboard */; };
		E23F164C1CA2F587003DA660 /* Assets.xcassets in Resources */ = {isa = PBXBuildFile; fileRef = E23F164B1CA2F587003DA660 /* Assets.xcassets */; };
		E23F164F1CA2F587003DA660 /* LaunchScreen.storyboard in Resources */ = {isa = PBXBuildFile; fileRef = E23F164D1CA2F587003DA660 /* LaunchScreen.storyboard */; };
/* End PBXBuildFile section */

/* Begin PBXFileReference section */
		E23F16411CA2F587003DA660 /* keyboard Controller.app */ = {isa = PBXFileReference; explicitFileType = wrapper.application; includeInIndex = 0; path = "keyboard Controller.app"; sourceTree = BUILT_PRODUCTS_DIR; };
		E23F16441CA2F587003DA660 /* AppDelegate.swift */ = {isa = PBXFileReference; lastKnownFileType = sourcecode.swift; path = AppDelegate.swift; sourceTree = "<group>"; };
		E23F16461CA2F587003DA660 /* ViewController.swift */ = {isa = PBXFileReference; lastKnownFileType = sourcecode.swift; path = ViewController.swift; sourceTree = "<group>"; };
		E23F16491CA2F587003DA660 /* Base */ = {isa = PBXFileReference; lastKnownFileType = file.storyboard; name = Base; path = Base.lproj/Main.storyboard; sourceTree = "<group>"; };
		E23F164B1CA2F587003DA660 /* Assets.xcassets */ = {isa = PBXFileReference; lastKnownFileType = folder.assetcatalog; path = Assets.xcassets; sourceTree = "<group>"; };
		E23F164E1CA2F587003DA660 /* Base */ = {isa = PBXFileReference; lastKnownFileType = file.storyboard; name = Base; path = Base.lproj/LaunchScreen.storyboard; sourceTree = "<group>"; };
		E23F16501CA2F587003DA660 /* Info.plist */ = {isa = PBXFileReference; lastKnownFileType = text.plist.xml; path = Info.plist; sourceTree = "<group>"; };
/* End PBXFileReference section */

/* Begin PBXFrameworksBuildPhase section */
		E23F163E1CA2F587003DA660 /* Frameworks */ = {
			isa = PBXFrameworksBuildPhase;
			buildActionMask = 2147483647;
			files = (
			);
			runOnlyForDeploymentPostprocessing = 0;
		};
/* End PBXFrameworksBuildPhase section */

/* Begin PBXGroup section */
		E23F16381CA2F587003DA660 = {
			isa = PBXGroup;
			children = (
				E23F16431CA2F587003DA660 /* keyboard Controller */,
				E23F16421CA2F587003DA660 /* Products */,
			);
			sourceTree = "<group>";
		};
		E23F16421CA2F587003DA660 /* Products */ = {
			isa = PBXGroup;
			children = (
				E23F16411CA2F587003DA660 /* keyboard Controller.app */,
			);
			name = Products;
			sourceTree = "<group>";
		};
		E23F16431CA2F587003DA660 /* keyboard Controller */ = {
			isa = PBXGroup;
			children = (
				E23F16441CA2F587003DA660 /* AppDelegate.swift */,
				E23F16461CA2F587003DA660 /* ViewController.swift */,
				E23F16481CA2F587003DA660 /* Main.storyboard */,
				E23F164B1CA2F587003DA660 /* Assets.xcassets */,
				E23F164D1CA2F587003DA660 /* LaunchScreen.storyboard */,
				E23F16501CA2F587003DA660 /* Info.plist */,
			);
			path = "keyboard Controller";
			sourceTree = "<group>";
		};
/* End PBXGroup section */

/* Begin PBXNativeTarget section */
		E23F16401CA2F587003DA660 /* keyboard Controller */ = {
			isa = PBXNativeTarget;
			buildConfigurationList = E23F16531CA2F587003DA660 /* Build configuration list for PBXNativeTarget "keyboard Controller" */;
			buildPhases = (
				E23F163D1CA2F587003DA660 /* Sources */,
				E23F163E1CA2F587003DA660 /* Frameworks */,
				E23F163F1CA2F587003DA660 /* Resources */,
			);
			buildRules = (
			);
			dependencies = (
			);
			name = "keyboard Controller";
			productName = "keyboard Controller";
			productReference = E23F16411CA2F587003DA660 /* keyboard Controller.app */;
			productType = "com.apple.product-type.application";
		};
/* End PBXNativeTarget section */

/* Begin PBXProject section */
		E23F16391CA2F587003DA660 /* Project object */ = {
			isa = PBXProject;
			attributes = {
				LastSwiftUpdateCheck = 0730;
				LastUpgradeCheck = 0730;
				ORGANIZATIONNAME = conradomateu;
				TargetAttributes = {
					E23F16401CA2F587003DA660 = {
						CreatedOnToolsVersion = 7.3;
						DevelopmentTeam = P8T6WXDA9T;
					};
				};
			};
			buildConfigurationList = E23F163C1CA2F587003DA660 /* Build configuration list for PBXProject "keyboard Controller" */;
			compatibilityVersion = "Xcode 3.2";
			developmentRegion = English;
			hasScannedForEncodings = 0;
			knownRegions = (
				en,
				Base,
			);
			mainGroup = E23F16381CA2F587003DA660;
			productRefGroup = E23F16421CA2F587003DA660 /* Products */;
			projectDirPath = "";
			projectRoot = "";
			targets = (
				E23F16401CA2F587003DA660 /* keyboard Controller */,
			);
		};
/* End PBXProject section */

/* Begin PBXResourcesBuildPhase section */
		E23F163F1CA2F587003DA660 /* Resources */ = {
			isa = PBXResourcesBuildPhase;
			buildActionMask = 2147483647;
			files = (
				E23F164F1CA2F587003DA660 /* LaunchScreen.storyboard in Resources */,
				E23F164C1CA2F587003DA660 /* Assets.xcassets in Resources */,
				E23F164A1CA2F587003DA660 /* Main.storyboard in Resources */,
			);
			runOnlyForDeploymentPostprocessing = 0;
		};
/* End PBXResourcesBuildPhase section */

/* Begin PBXSourcesBuildPhase section */
		E23F163D1CA2F587003DA660 /* Sources */ = {
			isa = PBXSourcesBuildPhase;
			buildActionMask = 2147483647;
			files = (
				E23F16471CA2F587003DA660 /* ViewController.swift in Sources */,
				E23F16451CA2F587003DA660 /* AppDelegate.swift in Sources */,
			);
			runOnlyForDeploymentPostprocessing = 0;
		};
/* End PBXSourcesBuildPhase section */

/* Begin PBXVariantGroup section */
		E23F16481CA2F587003DA660 /* Main.storyboard */ = {
			isa = PBXVariantGroup;
			children = (
				E23F16491CA2F587003DA660 /* Base */,
			);
			name = Main.storyboard;
			sourceTree = "<group>";
		};
		E23F164D1CA2F587003DA660 /* LaunchScreen.storyboard */ = {
			isa = PBXVariantGroup;
			children = (
				E23F164E1CA2F587003DA660 /* Base */,
			);
			name = LaunchScreen.storyboard;
			sourceTree = "<group>";
		};
/* End PBXVariantGroup section */

/* Begin XCBuildConfiguration section */
		E23F16511CA2F587003DA660 /* Debug */ = {
			isa = XCBuildConfiguration;
			buildSettings = {
				ALWAYS_SEARCH_USER_PATHS = NO;
				CLANG_ANALYZER_NONNULL = YES;
				CLANG_CXX_LANGUAGE_STANDARD = "gnu++0x";
				CLANG_CXX_LIBRARY = "libc++";
				CLANG_ENABLE_MODULES = YES;
				CLANG_ENABLE_OBJC_ARC = YES;
				CLANG_WARN_BOOL_CONVERSION = YES;
				CLANG_WARN_CONSTANT_CONVERSION = YES;
				CLANG_WARN_DIRECT_OBJC_ISA_USAGE = YES_ERROR;
				CLANG_WARN_EMPTY_BODY = YES;
				CLANG_WARN_ENUM_CONVERSION = YES;
				CLANG_WARN_INT_CONVERSION = YES;
				CLANG_WARN_OBJC_ROOT_CLASS = YES_ERROR;
				CLANG_WARN_UNREACHABLE_CODE = YES;
				CLANG_WARN__DUPLICATE_METHOD_MATCH = YES;
				"CODE_SIGN_IDENTITY[sdk=iphoneos*]" = "iPhone Developer";
				COPY_PHASE_STRIP = NO;
				DEBUG_INFORMATION_FORMAT = dwarf;
				ENABLE_STRICT_OBJC_MSGSEND = YES;
				ENABLE_TESTABILITY = YES;
				GCC_C_LANGUAGE_STANDARD = gnu99;
				GCC_DYNAMIC_NO_PIC = NO;
				GCC_NO_COMMON_BLOCKS = YES;
				GCC_OPTIMIZATION_LEVEL = 0;
				GCC_PREPROCESSOR_DEFINITIONS = (
					"DEBUG=1",
					"$(inherited)",
				);
				GCC_WARN_64_TO_32_BIT_CONVERSION = YES;
				GCC_WARN_ABOUT_RETURN_TYPE = YES_ERROR;
				GCC_WARN_UNDECLARED_SELECTOR = YES;
				GCC_WARN_UNINITIALIZED_AUTOS = YES_AGGRESSIVE;
				GCC_WARN_UNUSED_FUNCTION = YES;
				GCC_WARN_UNUSED_VARIABLE = YES;
				IPHONEOS_DEPLOYMENT_TARGET = 9.3;
				MTL_ENABLE_DEBUG_INFO = YES;
				ONLY_ACTIVE_ARCH = YES;
				SDKROOT = iphoneos;
				SWIFT_OPTIMIZATION_LEVEL = "-Onone";
			};
			name = Debug;
		};
		E23F16521CA2F587003DA660 /* Release */ = {
			isa = XCBuildConfiguration;
			buildSettings = {
				ALWAYS_SEARCH_USER_PATHS = NO;
				CLANG_ANALYZER_NONNULL = YES;
				CLANG_CXX_LANGUAGE_STANDARD = "gnu++0x";
				CLANG_CXX_LIBRARY = "libc++";
				CLANG_ENABLE_MODULES = YES;
				CLANG_ENABLE_OBJC_ARC = YES;
				CLANG_WARN_BOOL_CONVERSION = YES;
				CLANG_WARN_CONSTANT_CONVERSION = YES;
				CLANG_WARN_DIRECT_OBJC_ISA_USAGE = YES_ERROR;
				CLANG_WARN_EMPTY_BODY = YES;
				CLANG_WARN_ENUM_CONVERSION = YES;
				CLANG_WARN_INT_CONVERSION = YES;
				CLANG_WARN_OBJC_ROOT_CLASS = YES_ERROR;
				CLANG_WARN_UNREACHABLE_CODE = YES;
				CLANG_WARN__DUPLICATE_METHOD_MATCH = YES;
				"CODE_SIGN_IDENTITY[sdk=iphoneos*]" = "iPhone Developer";
				COPY_PHASE_STRIP = NO;
				DEBUG_INFORMATION_FORMAT = "dwarf-with-dsym";
				ENABLE_NS_ASSERTIONS = NO;
				ENABLE_STRICT_OBJC_MSGSEND = YES;
				GCC_C_LANGUAGE_STANDARD = gnu99;
				GCC_NO_COMMON_BLOCKS = YES;
				GCC_WARN_64_TO_32_BIT_CONVERSION = YES;
				GCC_WARN_ABOUT_RETURN_TYPE = YES_ERROR;
				GCC_WARN_UNDECLARED_SELECTOR = YES;
				GCC_WARN_UNINITIALIZED_AUTOS = YES_AGGRESSIVE;
				GCC_WARN_UNUSED_FUNCTION = YES;
				GCC_WARN_UNUSED_VARIABLE = YES;
				IPHONEOS_DEPLOYMENT_TARGET = 9.3;
				MTL_ENABLE_DEBUG_INFO = NO;
				SDKROOT = iphoneos;
				VALIDATE_PRODUCT = YES;
			};
			name = Release;
		};
		E23F16541CA2F587003DA660 /* Debug */ = {
			isa = XCBuildConfiguration;
			buildSettings = {
				ASSETCATALOG_COMPILER_APPICON_NAME = AppIcon;
				CODE_SIGN_IDENTITY = "iPhone Developer";
				"CODE_SIGN_IDENTITY[sdk=iphoneos*]" = "iPhone Developer";
				INFOPLIST_FILE = "keyboard Controller/Info.plist";
				LD_RUNPATH_SEARCH_PATHS = "$(inherited) @executable_path/Frameworks";
				PRODUCT_BUNDLE_IDENTIFIER = "com.conradomateu.keyboard-Controller";
				PRODUCT_NAME = "$(TARGET_NAME)";
				PROVISIONING_PROFILE = "";
			};
			name = Debug;
		};
		E23F16551CA2F587003DA660 /* Release */ = {
			isa = XCBuildConfiguration;
			buildSettings = {
				ASSETCATALOG_COMPILER_APPICON_NAME = AppIcon;
				CODE_SIGN_IDENTITY = "iPhone Developer";
				"CODE_SIGN_IDENTITY[sdk=iphoneos*]" = "iPhone Developer";
				INFOPLIST_FILE = "keyboard Controller/Info.plist";
				LD_RUNPATH_SEARCH_PATHS = "$(inherited) @executable_path/Frameworks";
				PRODUCT_BUNDLE_IDENTIFIER = "com.conradomateu.keyboard-Controller";
				PRODUCT_NAME = "$(TARGET_NAME)";
				PROVISIONING_PROFILE = "";
			};
			name = Release;
		};
/* End XCBuildConfiguration section */

/* Begin XCConfigurationList section */
		E23F163C1CA2F587003DA660 /* Build configuration list for PBXProject "keyboard Controller" */ = {
			isa = XCConfigurationList;
			buildConfigurations = (
				E23F16511CA2F587003DA660 /* Debug */,
				E23F16521CA2F587003DA660 /* Release */,
			);
			defaultConfigurationIsVisible = 0;
			defaultConfigurationName = Release;
		};
		E23F16531CA2F587003DA660 /* Build configuration list for PBXNativeTarget "keyboard Controller" */ = {
			isa = XCConfigurationList;
			buildConfigurations = (
				E23F16541CA2F587003DA660 /* Debug */,
				E23F16551CA2F587003DA660 /* Release */,
			);
			defaultConfigurationIsVisible = 0;
		};
/* End XCConfigurationList section */
	};
	rootObject = E23F16391CA2F587003DA660 /* Project object */;
}
